
Microsoft Visual Studio Solution File, Format Version 12.00
# Visual Studio Version 17
VisualStudioVersion = 17.5.002.0
MinimumVisualStudioVersion = 10.0.40219.1
Project("{9A19103F-16F7-4668-BE54-9A1E7A4F7556}") = "s3localstackdotnet", "s3localstackdotnet.csproj", "{A857D73E-41E8-4528-8AC4-B22DCBBFD2AB}"
EndProject
Global
	GlobalSection(SolutionConfigurationPlatforms) = preSolution
		Debug|Any CPU = Debug|Any CPU
		Release|Any CPU = Release|Any CPU
	EndGlobalSection
	GlobalSection(ProjectConfigurationPlatforms) = postSolution
		{A857D73E-41E8-4528-8AC4-B22DCBBFD2AB}.Debug|Any CPU.ActiveCfg = Debug|Any CPU
		{A857D73E-41E8-4528-8AC4-B22DCBBFD2AB}.Debug|Any CPU.Build.0 = Debug|Any CPU
		{A857D73E-41E8-4528-8AC4-B22DCBBFD2AB}.Release|Any CPU.ActiveCfg = Release|Any CPU
		{A857D73E-41E8-4528-8AC4-B22DCBBFD2AB}.Release|Any CPU.Build.0 = Release|Any CPU
	EndGlobalSection
	GlobalSection(SolutionProperties) = preSolution
		HideSolutionNode = FALSE
	EndGlobalSection
	GlobalSection(ExtensibilityGlobals) = postSolution
		SolutionGuid = {25046879-2C3D-4003-AE2B-4D99406E0343}
	EndGlobalSection
EndGlobal
